{
  "name": "mcc-mnc-tool",
  "version": "2.0.0",
  "lockfileVersion": 3,
  "requires": true,
  "packages": {
    "": {
      "name": "mcc-mnc-tool",
      "version": "2.0.0",
      "license": "MIT",
      "bin": {
        "mcc-mnc-tool": "index.mjs"
      },
      "engines": {
        "node": ">=22"
      }
    }
  }
}
